
Microsoft Visual Studio Solution File, Format Version 12.00
# Visual Studio Version 17
VisualStudioVersion = 17.14.36511.14 d17.14
MinimumVisualStudioVersion = 10.0.40219.1
Project("{2150E333-8FDC-42A3-9474-1A3956D46DE8}") = "src", "src", "{F2C73DF4-9769-49EC-94F0-DCF91CC5C7C2}"
EndProject
Project("{2150E333-8FDC-42A3-9474-1A3956D46DE8}") = "tests", "tests", "{7C06F316-5168-46BC-9A49-54ADAE23B173}"
EndProject
Project("{2150E333-8FDC-42A3-9474-1A3956D46DE8}") = "docs", "docs", "{DBF05821-E851-4E02-8264-3850757D24E8}"
	ProjectSection(SolutionItems) = preProject
		docs\class_diagram.md = docs\class_diagram.md
		.github\copilot-instructions.md = .github\copilot-instructions.md
		SECURITY.md = SECURITY.md
	EndProjectSection
EndProject
Project("{2150E333-8FDC-42A3-9474-1A3956D46DE8}") = "configs", "configs", "{380A7511-A354-6D7A-0CC0-8FA1F1BA7B6C}"
	ProjectSection(SolutionItems) = preProject
		.editorconfig = .editorconfig
		.config\dotnet-tools.json = .config\dotnet-tools.json
	EndProjectSection
EndProject
Project("{2150E333-8FDC-42A3-9474-1A3956D46DE8}") = "infra", "infra", "{5DFDF432-71B9-4140-991E-6A0141B9F243}"
	ProjectSection(SolutionItems) = preProject
		.github\workflows\publish_library.workflow.yml = .github\workflows\publish_library.workflow.yml
		.github\workflows\sonarcloud.yml = .github\workflows\sonarcloud.yml
	EndProjectSection
EndProject
Project("{FAE04EC0-301F-11D3-BF4B-00C04F79EFBC}") = "TheChest.Core", "src\TheChest.Core.csproj", "{57FE2D0B-7B34-3237-3E0F-FF267D8684B5}"
EndProject
Project("{FAE04EC0-301F-11D3-BF4B-00C04F79EFBC}") = "TheChest.Core.Tests", "tests\TheChest.Core.Tests.csproj", "{01D1274F-D7DC-CB00-ED7E-1844B379BC6D}"
EndProject
Global
	GlobalSection(SolutionConfigurationPlatforms) = preSolution
		Debug|Any CPU = Debug|Any CPU
		Release|Any CPU = Release|Any CPU
	EndGlobalSection
	GlobalSection(ProjectConfigurationPlatforms) = postSolution
		{57FE2D0B-7B34-3237-3E0F-FF267D8684B5}.Debug|Any CPU.ActiveCfg = Debug|Any CPU
		{57FE2D0B-7B34-3237-3E0F-FF267D8684B5}.Debug|Any CPU.Build.0 = Debug|Any CPU
		{57FE2D0B-7B34-3237-3E0F-FF267D8684B5}.Release|Any CPU.ActiveCfg = Release|Any CPU
		{57FE2D0B-7B34-3237-3E0F-FF267D8684B5}.Release|Any CPU.Build.0 = Release|Any CPU
		{01D1274F-D7DC-CB00-ED7E-1844B379BC6D}.Debug|Any CPU.ActiveCfg = Debug|Any CPU
		{01D1274F-D7DC-CB00-ED7E-1844B379BC6D}.Debug|Any CPU.Build.0 = Debug|Any CPU
		{01D1274F-D7DC-CB00-ED7E-1844B379BC6D}.Release|Any CPU.ActiveCfg = Release|Any CPU
		{01D1274F-D7DC-CB00-ED7E-1844B379BC6D}.Release|Any CPU.Build.0 = Release|Any CPU
	EndGlobalSection
	GlobalSection(SolutionProperties) = preSolution
		HideSolutionNode = FALSE
	EndGlobalSection
	GlobalSection(NestedProjects) = preSolution
		{57FE2D0B-7B34-3237-3E0F-FF267D8684B5} = {F2C73DF4-9769-49EC-94F0-DCF91CC5C7C2}
		{01D1274F-D7DC-CB00-ED7E-1844B379BC6D} = {7C06F316-5168-46BC-9A49-54ADAE23B173}
	EndGlobalSection
	GlobalSection(ExtensibilityGlobals) = postSolution
		SolutionGuid = {AF9A167E-B926-4A99-B692-8A3566AB0996}
	EndGlobalSection
EndGlobal
